
Microsoft Visual Studio Solution File, Format Version 12.00
# Visual Studio Version 16
VisualStudioVersion = 16.0.30114.105
MinimumVisualStudioVersion = 10.0.40219.1
Project("{FAE04EC0-301F-11D3-BF4B-00C04F79EFBC}") = "Schema", "Schema\Schema.csproj", "{7362EDAB-176B-4E58-8314-4B72E5669E2B}"
EndProject
Project("{FAE04EC0-301F-11D3-BF4B-00C04F79EFBC}") = "StoreForecasts", "StoreForecasts\StoreForecasts.csproj", "{FA14661F-38BC-4E47-848D-7165334FE2C3}"
EndProject
Project("{FAE04EC0-301F-11D3-BF4B-00C04F79EFBC}") = "StoreObservations", "StoreObservations\StoreObservations.csproj", "{51881A73-8BC7-4908-B551-C5CA514497D0}"
EndProject
Global
	GlobalSection(SolutionConfigurationPlatforms) = preSolution
		Debug|Any CPU = Debug|Any CPU
		Release|Any CPU = Release|Any CPU
	EndGlobalSection
	GlobalSection(SolutionProperties) = preSolution
		HideSolutionNode = FALSE
	EndGlobalSection
	GlobalSection(ProjectConfigurationPlatforms) = postSolution
		{7362EDAB-176B-4E58-8314-4B72E5669E2B}.Debug|Any CPU.ActiveCfg = Debug|Any CPU
		{7362EDAB-176B-4E58-8314-4B72E5669E2B}.Debug|Any CPU.Build.0 = Debug|Any CPU
		{7362EDAB-176B-4E58-8314-4B72E5669E2B}.Release|Any CPU.ActiveCfg = Release|Any CPU
		{7362EDAB-176B-4E58-8314-4B72E5669E2B}.Release|Any CPU.Build.0 = Release|Any CPU
		{FA14661F-38BC-4E47-848D-7165334FE2C3}.Debug|Any CPU.ActiveCfg = Debug|Any CPU
		{FA14661F-38BC-4E47-848D-7165334FE2C3}.Debug|Any CPU.Build.0 = Debug|Any CPU
		{FA14661F-38BC-4E47-848D-7165334FE2C3}.Release|Any CPU.ActiveCfg = Release|Any CPU
		{FA14661F-38BC-4E47-848D-7165334FE2C3}.Release|Any CPU.Build.0 = Release|Any CPU
		{51881A73-8BC7-4908-B551-C5CA514497D0}.Debug|Any CPU.ActiveCfg = Debug|Any CPU
		{51881A73-8BC7-4908-B551-C5CA514497D0}.Debug|Any CPU.Build.0 = Debug|Any CPU
		{51881A73-8BC7-4908-B551-C5CA514497D0}.Release|Any CPU.ActiveCfg = Release|Any CPU
		{51881A73-8BC7-4908-B551-C5CA514497D0}.Release|Any CPU.Build.0 = Release|Any CPU
	EndGlobalSection
EndGlobal
